
Microsoft Visual Studio Solution File, Format Version 12.00
# Visual Studio Version 16
VisualStudioVersion = 16.0.30804.86
MinimumVisualStudioVersion = 10.0.40219.1
Project("{FAE04EC0-301F-11D3-BF4B-00C04F79EFBC}") = "SQLprogect", "SQLprogect\SQLprogect.csproj", "{72D7C78A-9FF6-4AC0-84EA-0C9C042D3FFF}"
EndProject
Global
	GlobalSection(SolutionConfigurationPlatforms) = preSolution
		Debug|Any CPU = Debug|Any CPU
		Release|Any CPU = Release|Any CPU
	EndGlobalSection
	GlobalSection(ProjectConfigurationPlatforms) = postSolution
		{72D7C78A-9FF6-4AC0-84EA-0C9C042D3FFF}.Debug|Any CPU.ActiveCfg = Debug|Any CPU
		{72D7C78A-9FF6-4AC0-84EA-0C9C042D3FFF}.Debug|Any CPU.Build.0 = Debug|Any CPU
		{72D7C78A-9FF6-4AC0-84EA-0C9C042D3FFF}.Release|Any CPU.ActiveCfg = Release|Any CPU
		{72D7C78A-9FF6-4AC0-84EA-0C9C042D3FFF}.Release|Any CPU.Build.0 = Release|Any CPU
	EndGlobalSection
	GlobalSection(SolutionProperties) = preSolution
		HideSolutionNode = FALSE
	EndGlobalSection
	GlobalSection(ExtensibilityGlobals) = postSolution
		SolutionGuid = {1B62AEC2-642D-4BEF-B4B7-181583C0F5EC}
	EndGlobalSection
EndGlobal
